
Microsoft Visual Studio Solution File, Format Version 12.00
# Visual Studio Version 17
VisualStudioVersion = 17.14.36414.22 d17.14
MinimumVisualStudioVersion = 10.0.40219.1
Project("{F184B08F-C81C-45F6-A57F-5ABD9991F28F}") = "Rock that body", "Rock that body\Rock that body.vbproj", "{7E92EF02-EF9B-43C8-BD74-ADDF36AD1685}"
EndProject
Global
	GlobalSection(SolutionConfigurationPlatforms) = preSolution
		Debug|Any CPU = Debug|Any CPU
		Release|Any CPU = Release|Any CPU
	EndGlobalSection
	GlobalSection(ProjectConfigurationPlatforms) = postSolution
		{7E92EF02-EF9B-43C8-BD74-ADDF36AD1685}.Debug|Any CPU.ActiveCfg = Debug|Any CPU
		{7E92EF02-EF9B-43C8-BD74-ADDF36AD1685}.Debug|Any CPU.Build.0 = Debug|Any CPU
		{7E92EF02-EF9B-43C8-BD74-ADDF36AD1685}.Release|Any CPU.ActiveCfg = Release|Any CPU
		{7E92EF02-EF9B-43C8-BD74-ADDF36AD1685}.Release|Any CPU.Build.0 = Release|Any CPU
	EndGlobalSection
	GlobalSection(SolutionProperties) = preSolution
		HideSolutionNode = FALSE
	EndGlobalSection
	GlobalSection(ExtensibilityGlobals) = postSolution
		SolutionGuid = {64949AF3-6844-4CE1-B86A-ADCE32C78F45}
	EndGlobalSection
EndGlobal
